<Solution>
  <Folder Name="/Task0/">
    <Project Path="Tyuiu.BayazitovVA.Sprint0.Task0.V0/Tyuiu.BayazitovVA.Sprint0.Task0.V0.csproj" Id="6048e914-a5d0-4089-b425-188f6db19083" />
  </Folder>
  <Folder Name="/Task1/">
    <Project Path="Tyuiu.BayazitovVA.Sprint0.Task1.V0/Tyuiu.BayazitovVA.Sprint0.Task1.V0.csproj" Id="867738c7-fb18-4829-a71e-1f203830de7b" />
  </Folder>
  <Folder Name="/Task2/">
    <Project Path="Tyuiu.BayazitovVA.Sprint0.Task2.V0.Lib/Tyuiu.BayazitovVA.Sprint0.Task2.V0.Lib.csproj" Id="ef007dff-b75f-446f-8f2f-10a46b2d5839" />
    <Project Path="Tyuiu.BayazitovVA.Sprint0.Task2.V0.Task/Tyuiu.BayazitovVA.Sprint0.Task2.V0.Test.csproj" Id="fab0a20b-e70f-4713-96b9-8c26c0a5aec3" />
    <Project Path="Tyuiu.BayazitovVA.Sprint0.Task2.V0/Tyuiu.BayazitovVA.Sprint0.Task2.V0.csproj" Id="330b6c4c-7bb5-45e4-8efa-071f5a1009f5" />
  </Folder>
</Solution>
