<Solution>
  <Folder Name="/Task0/">
    <Project Path="Tyuiu.BayazitovVA.Sprint0.Task0.V0/Tyuiu.BayazitovVA.Sprint0.Task0.V0.csproj" Id="6048e914-a5d0-4089-b425-188f6db19083" />
  </Folder>
  <Folder Name="/Task1/">
    <Project Path="Tyuiu.BayazitovVA.Sprint0.Task1.V0/Tyuiu.BayazitovVA.Sprint0.Task1.V0.csproj" Id="867738c7-fb18-4829-a71e-1f203830de7b" />
  </Folder>
  <Folder Name="/Task2/">
    <Project Path="Tyuiu.BayazitovVA.Sprint0.Task2.V0.Lib/Tyuiu.BayazitovVA.Sprint0.Task2.V0.Lib.csproj" Id="ef007dff-b75f-446f-8f2f-10a46b2d5839" />
    <Project Path="Tyuiu.BayazitovVA.Sprint0.Task2.V0.Task/Tyuiu.BayazitovVA.Sprint0.Task2.V0.Test.csproj" Id="fab0a20b-e70f-4713-96b9-8c26c0a5aec3" />
    <Project Path="Tyuiu.BayazitovVA.Sprint0.Task2.V0/Tyuiu.BayazitovVA.Sprint0.Task2.V0.csproj" Id="330b6c4c-7bb5-45e4-8efa-071f5a1009f5" />
  </Folder>
  <Folder Name="/Task3/">
    <Project Path="Tyuiu.BayazitovVA.Sprint0.Task3.V0.Lib/Tyuiu.BayazitovVA.Sprint0.Task3.V0.Lib.csproj" Id="68b8826c-f469-40b8-8569-9f7657800811" />
    <Project Path="Tyuiu.BayazitovVA.Sprint0.Task3.V0.Test/Tyuiu.BayazitovVA.Sprint0.Task3.V0.Test.csproj" Id="9aab2a93-4aa9-44e1-b116-a9f807c6a665" />
    <Project Path="Tyuiu.BayazitovVA.Sprint0.Task3.V0/Tyuiu.BayazitovVA.Sprint0.Task3.V0.csproj" Id="d6f16c22-7b16-4de0-9860-7aef92c4525f" />
  </Folder>
  <Folder Name="/Task4/">
    <Project Path="Tyuiu.BayazitovVA.Sprint0.Task4.V0.Lib/Tyuiu.BayazitovVA.Sprint0.Task4.V0.Lib.csproj" Id="d095411e-631d-444b-abec-8f838191d872" />
    <Project Path="Tyuiu.BayazitovVA.Sprint0.Task4.V0.Test/Tyuiu.BayazitovVA.Sprint0.Task4.V0.Test.csproj" Id="3c64cfe8-8a40-4602-8aee-5ea546d040aa" />
    <Project Path="Tyuiu.BayazitovVA.Sprint0.Task4.V0/Tyuiu.BayazitovVA.Sprint0.Task4.V0.csproj" Id="9c41f181-0a8e-4789-816a-78dc552dad34" />
  </Folder>
</Solution>
